
Microsoft Visual Studio Solution File, Format Version 12.00
# Visual Studio Version 16
VisualStudioVersion = 16.0.31624.102
MinimumVisualStudioVersion = 10.0.40219.1
Project("{9A19103F-16F7-4668-BE54-9A1E7A4F7556}") = "RMAN-Parse", "RMAN-Parse.csproj", "{CBC9FDAF-C551-4049-9401-E44B792105B5}"
EndProject
Project("{9A19103F-16F7-4668-BE54-9A1E7A4F7556}") = "RMAN_Parser Demo", "..\RMAN_Parser Demo\RMAN_Parser Demo.csproj", "{500644C2-A97D-44C1-A33E-71E22E9BE8BA}"
EndProject
Global
	GlobalSection(SolutionConfigurationPlatforms) = preSolution
		Debug|Any CPU = Debug|Any CPU
		Debug|x64 = Debug|x64
		Release|Any CPU = Release|Any CPU
		Release|x64 = Release|x64
	EndGlobalSection
	GlobalSection(ProjectConfigurationPlatforms) = postSolution
		{CBC9FDAF-C551-4049-9401-E44B792105B5}.Debug|Any CPU.ActiveCfg = Debug|Any CPU
		{CBC9FDAF-C551-4049-9401-E44B792105B5}.Debug|Any CPU.Build.0 = Debug|Any CPU
		{CBC9FDAF-C551-4049-9401-E44B792105B5}.Debug|x64.ActiveCfg = Debug|Any CPU
		{CBC9FDAF-C551-4049-9401-E44B792105B5}.Debug|x64.Build.0 = Debug|Any CPU
		{CBC9FDAF-C551-4049-9401-E44B792105B5}.Release|Any CPU.ActiveCfg = Release|Any CPU
		{CBC9FDAF-C551-4049-9401-E44B792105B5}.Release|Any CPU.Build.0 = Release|Any CPU
		{CBC9FDAF-C551-4049-9401-E44B792105B5}.Release|x64.ActiveCfg = Release|x64
		{CBC9FDAF-C551-4049-9401-E44B792105B5}.Release|x64.Build.0 = Release|x64
		{500644C2-A97D-44C1-A33E-71E22E9BE8BA}.Debug|Any CPU.ActiveCfg = Debug|Any CPU
		{500644C2-A97D-44C1-A33E-71E22E9BE8BA}.Debug|Any CPU.Build.0 = Debug|Any CPU
		{500644C2-A97D-44C1-A33E-71E22E9BE8BA}.Debug|x64.ActiveCfg = Debug|Any CPU
		{500644C2-A97D-44C1-A33E-71E22E9BE8BA}.Debug|x64.Build.0 = Debug|Any CPU
		{500644C2-A97D-44C1-A33E-71E22E9BE8BA}.Release|Any CPU.ActiveCfg = Release|Any CPU
		{500644C2-A97D-44C1-A33E-71E22E9BE8BA}.Release|Any CPU.Build.0 = Release|Any CPU
		{500644C2-A97D-44C1-A33E-71E22E9BE8BA}.Release|x64.ActiveCfg = Release|Any CPU
		{500644C2-A97D-44C1-A33E-71E22E9BE8BA}.Release|x64.Build.0 = Release|Any CPU
	EndGlobalSection
	GlobalSection(SolutionProperties) = preSolution
		HideSolutionNode = FALSE
	EndGlobalSection
	GlobalSection(ExtensibilityGlobals) = postSolution
		SolutionGuid = {72A9F3BE-721E-403A-8B6C-FB110C7002CD}
	EndGlobalSection
EndGlobal
